Microsoft Visual Studio Solution File, Format Version 12.00
# Visual Studio Version 17
VisualStudioVersion = 17.5.2.0
MinimumVisualStudioVersion = 10.0.40219.1
Project("{FAE04EC0-301F-11D3-BF4B-00C04F79EFBC}") = "78sHeartbreak", "78sHeartbreak.csproj", "{A52BE685-9092-79D5-31D2-5B199B6AB67C}"
EndProject
Global
	GlobalSection(SolutionConfigurationPlatforms) = preSolution
		Debug|Any CPU = Debug|Any CPU
		Release|Any CPU = Release|Any CPU
	EndGlobalSection
	GlobalSection(ProjectConfigurationPlatforms) = postSolution
		{A52BE685-9092-79D5-31D2-5B199B6AB67C}.Debug|Any CPU.ActiveCfg = Debug|Any CPU
		{A52BE685-9092-79D5-31D2-5B199B6AB67C}.Debug|Any CPU.Build.0 = Debug|Any CPU
		{A52BE685-9092-79D5-31D2-5B199B6AB67C}.Release|Any CPU.ActiveCfg = Release|Any CPU
		{A52BE685-9092-79D5-31D2-5B199B6AB67C}.Release|Any CPU.Build.0 = Release|Any CPU
	EndGlobalSection
	GlobalSection(SolutionProperties) = preSolution
		HideSolutionNode = FALSE
	EndGlobalSection
	GlobalSection(ExtensibilityGlobals) = postSolution
		SolutionGuid = {BF11596B-EA17-46A4-B890-969055A57D33}
	EndGlobalSection
EndGlobal
